
Microsoft Visual Studio Solution File, Format Version 12.00
Project("{FAE04EC0-301F-11D3-BF4B-00C04F79EFBC}") = "Day1", "Day1\Day1.csproj", "{26009894-0595-492B-8C2A-68E335366123}"
EndProject
Project("{FAE04EC0-301F-11D3-BF4B-00C04F79EFBC}") = "Day2", "Day2\Day2.csproj", "{677BD885-EF8A-4F6D-B7D8-12424797F6C5}"
EndProject
Project("{FAE04EC0-301F-11D3-BF4B-00C04F79EFBC}") = "Common", "Common\Common.csproj", "{C91A0DA0-709E-42FF-B4CE-739891E4290C}"
EndProject
Project("{FAE04EC0-301F-11D3-BF4B-00C04F79EFBC}") = "Day3", "Day3\Day3.csproj", "{31B4BA15-5883-41CE-950A-789622F576BC}"
EndProject
Project("{FAE04EC0-301F-11D3-BF4B-00C04F79EFBC}") = "Day4", "Day4\Day4.csproj", "{E1FEC2F4-62CE-4019-BF39-135A1B1A9A16}"
EndProject
Project("{FAE04EC0-301F-11D3-BF4B-00C04F79EFBC}") = "Day5", "Day5\Day5.csproj", "{1CC5A7E2-0277-4069-A20A-90285C8BA294}"
EndProject
Project("{FAE04EC0-301F-11D3-BF4B-00C04F79EFBC}") = "Day6", "Day6\Day6.csproj", "{D46AD6FB-D261-4D17-8BE2-B85329D55753}"
EndProject
Global
	GlobalSection(SolutionConfigurationPlatforms) = preSolution
		Debug|Any CPU = Debug|Any CPU
		Release|Any CPU = Release|Any CPU
	EndGlobalSection
	GlobalSection(ProjectConfigurationPlatforms) = postSolution
		{26009894-0595-492B-8C2A-68E335366123}.Debug|Any CPU.ActiveCfg = Debug|Any CPU
		{26009894-0595-492B-8C2A-68E335366123}.Debug|Any CPU.Build.0 = Debug|Any CPU
		{26009894-0595-492B-8C2A-68E335366123}.Release|Any CPU.ActiveCfg = Release|Any CPU
		{26009894-0595-492B-8C2A-68E335366123}.Release|Any CPU.Build.0 = Release|Any CPU
		{677BD885-EF8A-4F6D-B7D8-12424797F6C5}.Debug|Any CPU.ActiveCfg = Debug|Any CPU
		{677BD885-EF8A-4F6D-B7D8-12424797F6C5}.Debug|Any CPU.Build.0 = Debug|Any CPU
		{677BD885-EF8A-4F6D-B7D8-12424797F6C5}.Release|Any CPU.ActiveCfg = Release|Any CPU
		{677BD885-EF8A-4F6D-B7D8-12424797F6C5}.Release|Any CPU.Build.0 = Release|Any CPU
		{C91A0DA0-709E-42FF-B4CE-739891E4290C}.Debug|Any CPU.ActiveCfg = Debug|Any CPU
		{C91A0DA0-709E-42FF-B4CE-739891E4290C}.Debug|Any CPU.Build.0 = Debug|Any CPU
		{C91A0DA0-709E-42FF-B4CE-739891E4290C}.Release|Any CPU.ActiveCfg = Release|Any CPU
		{C91A0DA0-709E-42FF-B4CE-739891E4290C}.Release|Any CPU.Build.0 = Release|Any CPU
		{31B4BA15-5883-41CE-950A-789622F576BC}.Debug|Any CPU.ActiveCfg = Debug|Any CPU
		{31B4BA15-5883-41CE-950A-789622F576BC}.Debug|Any CPU.Build.0 = Debug|Any CPU
		{31B4BA15-5883-41CE-950A-789622F576BC}.Release|Any CPU.ActiveCfg = Release|Any CPU
		{31B4BA15-5883-41CE-950A-789622F576BC}.Release|Any CPU.Build.0 = Release|Any CPU
		{E1FEC2F4-62CE-4019-BF39-135A1B1A9A16}.Debug|Any CPU.ActiveCfg = Debug|Any CPU
		{E1FEC2F4-62CE-4019-BF39-135A1B1A9A16}.Debug|Any CPU.Build.0 = Debug|Any CPU
		{E1FEC2F4-62CE-4019-BF39-135A1B1A9A16}.Release|Any CPU.ActiveCfg = Release|Any CPU
		{E1FEC2F4-62CE-4019-BF39-135A1B1A9A16}.Release|Any CPU.Build.0 = Release|Any CPU
		{1CC5A7E2-0277-4069-A20A-90285C8BA294}.Debug|Any CPU.ActiveCfg = Debug|Any CPU
		{1CC5A7E2-0277-4069-A20A-90285C8BA294}.Debug|Any CPU.Build.0 = Debug|Any CPU
		{1CC5A7E2-0277-4069-A20A-90285C8BA294}.Release|Any CPU.ActiveCfg = Release|Any CPU
		{1CC5A7E2-0277-4069-A20A-90285C8BA294}.Release|Any CPU.Build.0 = Release|Any CPU
		{D46AD6FB-D261-4D17-8BE2-B85329D55753}.Debug|Any CPU.ActiveCfg = Debug|Any CPU
		{D46AD6FB-D261-4D17-8BE2-B85329D55753}.Debug|Any CPU.Build.0 = Debug|Any CPU
		{D46AD6FB-D261-4D17-8BE2-B85329D55753}.Release|Any CPU.ActiveCfg = Release|Any CPU
		{D46AD6FB-D261-4D17-8BE2-B85329D55753}.Release|Any CPU.Build.0 = Release|Any CPU
	EndGlobalSection
EndGlobal
